
Microsoft Visual Studio Solution File, Format Version 12.00
# Visual Studio Version 17
VisualStudioVersion = 17.6.33815.320
MinimumVisualStudioVersion = 10.0.40219.1
Project("{FAE04EC0-301F-11D3-BF4B-00C04F79EFBC}") = "teacher_evaluation_project", "teacher_evaluation_project.csproj", "{52B22309-193D-4655-BC99-B683A4D454B6}"
EndProject
Global
	GlobalSection(SolutionConfigurationPlatforms) = preSolution
		Debug|Any CPU = Debug|Any CPU
		Release|Any CPU = Release|Any CPU
	EndGlobalSection
	GlobalSection(ProjectConfigurationPlatforms) = postSolution
		{52B22309-193D-4655-BC99-B683A4D454B6}.Debug|Any CPU.ActiveCfg = Debug|Any CPU
		{52B22309-193D-4655-BC99-B683A4D454B6}.Debug|Any CPU.Build.0 = Debug|Any CPU
		{52B22309-193D-4655-BC99-B683A4D454B6}.Release|Any CPU.ActiveCfg = Release|Any CPU
		{52B22309-193D-4655-BC99-B683A4D454B6}.Release|Any CPU.Build.0 = Release|Any CPU
	EndGlobalSection
	GlobalSection(SolutionProperties) = preSolution
		HideSolutionNode = FALSE
	EndGlobalSection
	GlobalSection(ExtensibilityGlobals) = postSolution
		SolutionGuid = {B0C9006B-6534-44BA-9A34-105C608E6823}
	EndGlobalSection
EndGlobal
